
Microsoft Visual Studio Solution File, Format Version 12.00
# Visual Studio 15
VisualStudioVersion = 15.0.26403.7
MinimumVisualStudioVersion = 10.0.40219.1
Project("{FAE04EC0-301F-11D3-BF4B-00C04F79EFBC}") = "Module1", "Module1\Module1.csproj", "{C9FB24F8-A462-4818-B715-34A366F6E2E4}"
EndProject
Project("{FAE04EC0-301F-11D3-BF4B-00C04F79EFBC}") = "Module2", "Module2\Module2.csproj", "{03E7AEBA-6784-45C0-B8D4-6DE8A170A865}"
EndProject
Project("{FAE04EC0-301F-11D3-BF4B-00C04F79EFBC}") = "Module03", "Module03\Module03.csproj", "{EE667106-2C23-43B6-9039-70488579A8F3}"
EndProject
Project("{FAE04EC0-301F-11D3-BF4B-00C04F79EFBC}") = "MyScrape", "MyCodeLibrary\MyScrape.csproj", "{5399FDA4-C55E-404B-A33E-46F6E7FA79A7}"
EndProject
Project("{FAE04EC0-301F-11D3-BF4B-00C04F79EFBC}") = "Module04", "Module04\Module04.csproj", "{4D65CDF1-9F27-4FF0-9083-E87D917D7BE7}"
EndProject
Project("{FAE04EC0-301F-11D3-BF4B-00C04F79EFBC}") = "Module05", "Module05\Module05.csproj", "{981157F7-DF5D-4418-BE6B-75C361592996}"
EndProject
Global
	GlobalSection(SolutionConfigurationPlatforms) = preSolution
		Debug|Any CPU = Debug|Any CPU
		Release|Any CPU = Release|Any CPU
	EndGlobalSection
	GlobalSection(ProjectConfigurationPlatforms) = postSolution
		{C9FB24F8-A462-4818-B715-34A366F6E2E4}.Debug|Any CPU.ActiveCfg = Debug|Any CPU
		{C9FB24F8-A462-4818-B715-34A366F6E2E4}.Debug|Any CPU.Build.0 = Debug|Any CPU
		{C9FB24F8-A462-4818-B715-34A366F6E2E4}.Release|Any CPU.ActiveCfg = Release|Any CPU
		{C9FB24F8-A462-4818-B715-34A366F6E2E4}.Release|Any CPU.Build.0 = Release|Any CPU
		{03E7AEBA-6784-45C0-B8D4-6DE8A170A865}.Debug|Any CPU.ActiveCfg = Debug|Any CPU
		{03E7AEBA-6784-45C0-B8D4-6DE8A170A865}.Debug|Any CPU.Build.0 = Debug|Any CPU
		{03E7AEBA-6784-45C0-B8D4-6DE8A170A865}.Release|Any CPU.ActiveCfg = Release|Any CPU
		{03E7AEBA-6784-45C0-B8D4-6DE8A170A865}.Release|Any CPU.Build.0 = Release|Any CPU
		{EE667106-2C23-43B6-9039-70488579A8F3}.Debug|Any CPU.ActiveCfg = Debug|Any CPU
		{EE667106-2C23-43B6-9039-70488579A8F3}.Debug|Any CPU.Build.0 = Debug|Any CPU
		{EE667106-2C23-43B6-9039-70488579A8F3}.Release|Any CPU.ActiveCfg = Release|Any CPU
		{EE667106-2C23-43B6-9039-70488579A8F3}.Release|Any CPU.Build.0 = Release|Any CPU
		{5399FDA4-C55E-404B-A33E-46F6E7FA79A7}.Debug|Any CPU.ActiveCfg = Debug|Any CPU
		{5399FDA4-C55E-404B-A33E-46F6E7FA79A7}.Debug|Any CPU.Build.0 = Debug|Any CPU
		{5399FDA4-C55E-404B-A33E-46F6E7FA79A7}.Release|Any CPU.ActiveCfg = Release|Any CPU
		{5399FDA4-C55E-404B-A33E-46F6E7FA79A7}.Release|Any CPU.Build.0 = Release|Any CPU
		{4D65CDF1-9F27-4FF0-9083-E87D917D7BE7}.Debug|Any CPU.ActiveCfg = Debug|Any CPU
		{4D65CDF1-9F27-4FF0-9083-E87D917D7BE7}.Debug|Any CPU.Build.0 = Debug|Any CPU
		{4D65CDF1-9F27-4FF0-9083-E87D917D7BE7}.Release|Any CPU.ActiveCfg = Release|Any CPU
		{4D65CDF1-9F27-4FF0-9083-E87D917D7BE7}.Release|Any CPU.Build.0 = Release|Any CPU
		{981157F7-DF5D-4418-BE6B-75C361592996}.Debug|Any CPU.ActiveCfg = Debug|Any CPU
		{981157F7-DF5D-4418-BE6B-75C361592996}.Debug|Any CPU.Build.0 = Debug|Any CPU
		{981157F7-DF5D-4418-BE6B-75C361592996}.Release|Any CPU.ActiveCfg = Release|Any CPU
		{981157F7-DF5D-4418-BE6B-75C361592996}.Release|Any CPU.Build.0 = Release|Any CPU
	EndGlobalSection
	GlobalSection(SolutionProperties) = preSolution
		HideSolutionNode = FALSE
	EndGlobalSection
EndGlobal
